{
  "version": 4,
  "terraform_version": "0.12.6",
  "serial": 34,
  "lineage": "3abac885-0b80-c5cb-027a-a3daaec459e9",
  "outputs": {
    "Environment-Admin-Compartment": {
      "value": "CPT_Dev_admin",
      "type": "string"
    },
    "Environment-Application-Compartment": {
      "value": "CPT_Dev_application",
      "type": "string"
    },
    "Environment-Database-Compartment": {
      "value": "CPT_Dev_database",
      "type": "string"
    },
    "Environment-IAM-PSM-Policy": {
      "value": "IAM_Policy_PSM_Dev_OCC",
      "type": "string"
    },
    "Environment-Network-Compartment": {
      "value": "CPT_Dev_network",
      "type": "string"
    },
    "Environment-Parent-Compartment": {
      "value": "CPT_Dev",
      "type": "string"
    },
    "Environment-Shared-Compartment": {
      "value": "CPT_Dev_shared",
      "type": "string"
    },
    "JCS-Service-IAM-User-name": {
      "value": "USR_JCS_OCC_Dev",
      "type": "string"
    },
    "JCS-Service-IAM-User-token": {
      "value": "dWr\u003cGNj[\u003ez]5J)2)y)Zf",
      "type": "string"
    },
    "PaaS-Services-IAM-Group": {
      "value": "GRP_PSM_OCC_Dev",
      "type": "string"
    }
  },
  "resources": [
    {
      "module": "module.bastion",
      "mode": "data",
      "type": "oci_core_images",
      "name": "bastion_images",
      "provider": "provider.oci",
      "instances": [
        {
          "schema_version": 0,
          "attributes": {
            "compartment_id": "ocid1.tenancy.oc1..aaaaaaaa224siply62eyexhxgpsthxywaxe2nsyuchbb6m5gpp3pwu3subla",
            "display_name": null,
            "filter": null,
            "id": "2019-08-07 23:05:58.617713849 +0000 UTC",
            "images": [
              {
                "agent_features": [],
                "base_image_id": "",
                "compartment_id": "",
                "create_image_allowed": true,
                "defined_tags": {},
                "display_name": "Oracle-Linux-7.6-2019.08.02-0",
                "freeform_tags": {},
                "id": "ocid1.image.oc1.iad.aaaaaaaasorq3smbazoxvyqozz52ch5i5cexjojb7qvcefa5ubij2yjycy2a",
                "image_source_details": [],
                "instance_id": "",
                "launch_mode": "NATIVE",
                "launch_options": [
                  {
                    "boot_volume_type": "PARAVIRTUALIZED",
                    "firmware": "UEFI_64",
                    "is_consistent_volume_naming_enabled": true,
                    "is_pv_encryption_in_transit_enabled": true,
                    "network_type": "PARAVIRTUALIZED",
                    "remote_data_volume_type": "PARAVIRTUALIZED"
                  }
                ],
                "operating_system": "Oracle Linux",
                "operating_system_version": "7.6",
                "size_in_mbs": "47694",
                "state": "AVAILABLE",
                "time_created": "2019-08-04 18:31:21.746 +0000 UTC"
              },
              {
                "agent_features": [],
                "base_image_id": "",
                "compartment_id": "",
                "create_image_allowed": true,
                "defined_tags": {},
                "display_name": "Oracle-Linux-7.6-2019.07.15-0",
                "freeform_tags": {},
                "id": "ocid1.image.oc1.iad.aaaaaaaa5m7pxvywx2isnwon3o3kixkk6gq4tmdtfgvctj7xbl3wgo56uppa",
                "image_source_details": [],
                "instance_id": "",
                "launch_mode": "NATIVE",
                "launch_options": [
                  {
                    "boot_volume_type": "PARAVIRTUALIZED",
                    "firmware": "UEFI_64",
                    "is_consistent_volume_naming_enabled": true,
                    "is_pv_encryption_in_transit_enabled": true,
                    "network_type": "PARAVIRTUALIZED",
                    "remote_data_volume_type": "PARAVIRTUALIZED"
                  }
                ],
                "operating_system": "Oracle Linux",
                "operating_system_version": "7.6",
                "size_in_mbs": "47694",
                "state": "AVAILABLE",
                "time_created": "2019-07-15 18:53:19.872 +0000 UTC"
              },
              {
                "agent_features": [],
                "base_image_id": "",
                "compartment_id": "",
                "create_image_allowed": true,
                "defined_tags": {},
                "display_name": "Oracle-Linux-7.6-2019.06.15-0",
                "freeform_tags": {},
                "id": "ocid1.image.oc1.iad.aaaaaaaay66pu7z27ltbx2uuatzgfywzixbp34wx7xoze52pk33psz47vlfa",
                "image_source_details": [],
                "instance_id": "",
                "launch_mode": "NATIVE",
                "launch_options": [
                  {
                    "boot_volume_type": "PARAVIRTUALIZED",
                    "firmware": "UEFI_64",
                    "is_consistent_volume_naming_enabled": true,
                    "is_pv_encryption_in_transit_enabled": true,
                    "network_type": "PARAVIRTUALIZED",
                    "remote_data_volume_type": "PARAVIRTUALIZED"
                  }
                ],
                "operating_system": "Oracle Linux",
                "operating_system_version": "7.6",
                "size_in_mbs": "47694",
                "state": "AVAILABLE",
                "time_created": "2019-06-16 07:34:42.645 +0000 UTC"
              }
            ],
            "operating_system": "Oracle Linux",
            "operating_system_version": "7.6",
            "shape": "VM.Standard.E2.1",
            "sort_by": null,
            "sort_order": null,
            "state": "AVAILABLE"
          }
        }
      ]
    },
    {
      "mode": "data",
      "type": "oci_identity_availability_domains",
      "name": "ad",
      "provider": "provider.oci",
      "instances": [
        {
          "schema_version": 0,
          "attributes": {
            "availability_domains": [
              {
                "compartment_id": "ocid1.tenancy.oc1..aaaaaaaa224siply62eyexhxgpsthxywaxe2nsyuchbb6m5gpp3pwu3subla",
                "id": "ocid1.availabilitydomain.oc1..aaaaaaaauvt2n7pijol7uqgdnnsoojcukrijtmcltvfwxazmitk235wyohta",
                "name": "YMuM:US-ASHBURN-AD-1"
              },
              {
                "compartment_id": "ocid1.tenancy.oc1..aaaaaaaa224siply62eyexhxgpsthxywaxe2nsyuchbb6m5gpp3pwu3subla",
                "id": "ocid1.availabilitydomain.oc1..aaaaaaaaztunlny6ae4yw2vghp5go2zceaonwp6wiioe3tnh2vlaxjjl2n3a",
                "name": "YMuM:US-ASHBURN-AD-2"
              },
              {
                "compartment_id": "ocid1.tenancy.oc1..aaaaaaaa224siply62eyexhxgpsthxywaxe2nsyuchbb6m5gpp3pwu3subla",
                "id": "ocid1.availabilitydomain.oc1..aaaaaaaatrwxaogr7dl4yschqtrmqrdv6uzis3mgbnomiagqrfhcb7mxsfdq",
                "name": "YMuM:US-ASHBURN-AD-3"
              }
            ],
            "compartment_id": "ocid1.tenancy.oc1..aaaaaaaa224siply62eyexhxgpsthxywaxe2nsyuchbb6m5gpp3pwu3subla",
            "filter": null,
            "id": "2019-08-07 22:39:46.51687776 +0000 UTC"
          }
        }
      ]
    },
    {
      "module": "module.bastion",
      "mode": "data",
      "type": "oci_identity_availability_domains",
      "name": "ads",
      "provider": "provider.oci",
      "instances": [
        {
          "schema_version": 0,
          "attributes": {
            "availability_domains": [
              {
                "compartment_id": "ocid1.tenancy.oc1..aaaaaaaa224siply62eyexhxgpsthxywaxe2nsyuchbb6m5gpp3pwu3subla",
                "id": "ocid1.availabilitydomain.oc1..aaaaaaaauvt2n7pijol7uqgdnnsoojcukrijtmcltvfwxazmitk235wyohta",
                "name": "YMuM:US-ASHBURN-AD-1"
              },
              {
                "compartment_id": "ocid1.tenancy.oc1..aaaaaaaa224siply62eyexhxgpsthxywaxe2nsyuchbb6m5gpp3pwu3subla",
                "id": "ocid1.availabilitydomain.oc1..aaaaaaaaztunlny6ae4yw2vghp5go2zceaonwp6wiioe3tnh2vlaxjjl2n3a",
                "name": "YMuM:US-ASHBURN-AD-2"
              },
              {
                "compartment_id": "ocid1.tenancy.oc1..aaaaaaaa224siply62eyexhxgpsthxywaxe2nsyuchbb6m5gpp3pwu3subla",
                "id": "ocid1.availabilitydomain.oc1..aaaaaaaatrwxaogr7dl4yschqtrmqrdv6uzis3mgbnomiagqrfhcb7mxsfdq",
                "name": "YMuM:US-ASHBURN-AD-3"
              }
            ],
            "compartment_id": "ocid1.tenancy.oc1..aaaaaaaa224siply62eyexhxgpsthxywaxe2nsyuchbb6m5gpp3pwu3subla",
            "filter": null,
            "id": "2019-08-07 23:05:58.707903872 +0000 UTC"
          }
        }
      ]
    },
    {
      "mode": "data",
      "type": "template_file",
      "name": "ad_names",
      "each": "list",
      "provider": "provider.template",
      "instances": [
        {
          "index_key": 0,
          "schema_version": 0,
          "attributes": {
            "filename": null,
            "id": "f5dbed80aa5493531007e5ebe44276d3937409663f6f6b85d6eef3dbb9d62779",
            "rendered": "YMuM:US-ASHBURN-AD-1",
            "template": "YMuM:US-ASHBURN-AD-1",
            "vars": null
          },
          "depends_on": [
            "data.oci_identity_availability_domains.ad"
          ]
        },
        {
          "index_key": 1,
          "schema_version": 0,
          "attributes": {
            "filename": null,
            "id": "15f634a5eaa882ad41b2fbda56646816d4f2d03196a452f399cf480661facf03",
            "rendered": "YMuM:US-ASHBURN-AD-2",
            "template": "YMuM:US-ASHBURN-AD-2",
            "vars": null
          },
          "depends_on": [
            "data.oci_identity_availability_domains.ad"
          ]
        },
        {
          "index_key": 2,
          "schema_version": 0,
          "attributes": {
            "filename": null,
            "id": "25d3d545b6a13a103e6da57163c51141140d36a06273375835bb099810eb6254",
            "rendered": "YMuM:US-ASHBURN-AD-3",
            "template": "YMuM:US-ASHBURN-AD-3",
            "vars": null
          },
          "depends_on": [
            "data.oci_identity_availability_domains.ad"
          ]
        }
      ]
    },
    {
      "module": "module.bastion",
      "mode": "data",
      "type": "template_file",
      "name": "ad_names",
      "each": "list",
      "provider": "provider.template",
      "instances": [
        {
          "index_key": 0,
          "schema_version": 0,
          "attributes": {
            "filename": null,
            "id": "f5dbed80aa5493531007e5ebe44276d3937409663f6f6b85d6eef3dbb9d62779",
            "rendered": "YMuM:US-ASHBURN-AD-1",
            "template": "YMuM:US-ASHBURN-AD-1",
            "vars": null
          },
          "depends_on": [
            "data.oci_identity_availability_domains.ads"
          ]
        },
        {
          "index_key": 1,
          "schema_version": 0,
          "attributes": {
            "filename": null,
            "id": "15f634a5eaa882ad41b2fbda56646816d4f2d03196a452f399cf480661facf03",
            "rendered": "YMuM:US-ASHBURN-AD-2",
            "template": "YMuM:US-ASHBURN-AD-2",
            "vars": null
          },
          "depends_on": [
            "data.oci_identity_availability_domains.ads"
          ]
        },
        {
          "index_key": 2,
          "schema_version": 0,
          "attributes": {
            "filename": null,
            "id": "25d3d545b6a13a103e6da57163c51141140d36a06273375835bb099810eb6254",
            "rendered": "YMuM:US-ASHBURN-AD-3",
            "template": "YMuM:US-ASHBURN-AD-3",
            "vars": null
          },
          "depends_on": [
            "data.oci_identity_availability_domains.ads"
          ]
        }
      ]
    },
    {
      "module": "module.network",
      "mode": "managed",
      "type": "oci_core_default_route_table",
      "name": "nw_default_rt_public",
      "provider": "provider.oci",
      "instances": [
        {
          "schema_version": 0,
          "attributes": {
            "defined_tags": {},
            "display_name": "NW_Default_RouteTable_Dev_OCC",
            "freeform_tags": {},
            "id": "ocid1.routetable.oc1.iad.aaaaaaaac42mnmlfcllksvjobonahospzgiw5d7feyodffuogl6xgrtp2sha",
            "manage_default_resource_id": "ocid1.routetable.oc1.iad.aaaaaaaac42mnmlfcllksvjobonahospzgiw5d7feyodffuogl6xgrtp2sha",
            "route_rules": [
              {
                "cidr_block": "",
                "destination": "0.0.0.0/0",
                "destination_type": "CIDR_BLOCK",
                "network_entity_id": "ocid1.internetgateway.oc1.iad.aaaaaaaaolrkqlzvyuustiietxq6pui6tzz5rxayjvvrnas3czinxo2aw7sa"
              }
            ],
            "state": "AVAILABLE",
            "time_created": "2019-06-24 13:19:16.976 +0000 UTC",
            "timeouts": {
              "create": null,
              "delete": null,
              "update": null
            }
          },
          "private": "eyJlMmJmYjczMC1lY2FhLTExZTYtOGY4OC0zNDM2M2JjN2M0YzAiOnsiY3JlYXRlIjo5MDAwMDAwMDAwMDAsImRlbGV0ZSI6OTAwMDAwMDAwMDAwLCJ1cGRhdGUiOjkwMDAwMDAwMDAwMH19",
          "depends_on": [
            "oci_core_internet_gateway.nw_ig",
            "oci_core_vcn.nw_vcn"
          ]
        }
      ]
    },
    {
      "module": "module.bastion",
      "mode": "managed",
      "type": "oci_core_instance",
      "name": "bastion",
      "each": "list",
      "provider": "provider.oci",
      "instances": [
        {
          "index_key": 0,
          "schema_version": 0,
          "attributes": {
            "agent_config": [
              {
                "is_monitoring_disabled": false
              }
            ],
            "availability_domain": "YMuM:US-ASHBURN-AD-1",
            "boot_volume_id": "ocid1.bootvolume.oc1.iad.abuwcljrktcx6h23bnymqgny2zsisxiknptrnjirwc5kbnzvy5zdqwrcxcxq",
            "compartment_id": "ocid1.compartment.oc1..aaaaaaaa76gkpxkhgd7sxmvb2e55p775efktjb7v727nim7dmo4bdxlyenla",
            "create_vnic_details": [
              {
                "assign_public_ip": "true",
                "defined_tags": {},
                "display_name": "VNIC_bastion-priv",
                "freeform_tags": {},
                "hostname_label": "bastion-priv",
                "nsg_ids": [],
                "private_ip": "10.249.96.98",
                "skip_source_dest_check": false,
                "subnet_id": "ocid1.subnet.oc1.iad.aaaaaaaauz3ng73h6wjaep5xelmhcgbfvghqh437da6nvaqhoa4i6ein45xq"
              }
            ],
            "defined_tags": {},
            "display_name": "CN_Bastion_Dev_OCC",
            "extended_metadata": null,
            "fault_domain": "FAULT-DOMAIN-2",
            "freeform_tags": {},
            "hostname_label": "bastion-priv",
            "id": "ocid1.instance.oc1.iad.abuwcljrlk7ekpe63bvmqtjn5kwuqtc67wce4vce3kupewvnc7vup3rk6y7a",
            "image": "ocid1.image.oc1.iad.aaaaaaaay66pu7z27ltbx2uuatzgfywzixbp34wx7xoze52pk33psz47vlfa",
            "ipxe_script": null,
            "is_pv_encryption_in_transit_enabled": null,
            "launch_mode": "PARAVIRTUALIZED",
            "launch_options": [
              {
                "boot_volume_type": "PARAVIRTUALIZED",
                "firmware": "UEFI_64",
                "is_consistent_volume_naming_enabled": false,
                "is_pv_encryption_in_transit_enabled": false,
                "network_type": "PARAVIRTUALIZED",
                "remote_data_volume_type": "PARAVIRTUALIZED"
              }
            ],
            "metadata": {
              "ssh_authorized_keys": "ssh-rsa AAAAB3NzaC1yc2EAAAADAQABAAABAQDIh2CcwY6N7ExpLO6zF0cp67F1H0ZAgYXJ/2lIDf7AF7fBsADNesekxkaQm2P1bPzCYXHZOqRp2JNORGvv/7LVyiGSyil8i2BEe2X4SR2C7BSUbrCzuWN1eQSg5UT5QhhhX8apuF7MToh75GSzlLwanEfurmf2DANyJV/SeOmC7auSCfn1u5v0y1pxiNG5gVU7ytII7JM68MhbRLhzikXZRXf8K4SCzRrflsSXUYCthpA0CX/3d3+WyGzCm3AUg4Ad6n9BGEoAVVCjWZm9E3rMmfQw9UysJmRMO1t6D22SWmeb2TuzBGHjAziB3b0x06tJTUrAiM2Gbc4kxFEYMUa7 kevin.josue.zambrano@oracle.com Oracle Default Key"
            },
            "preserve_boot_volume": null,
            "private_ip": "10.249.96.98",
            "public_ip": "150.136.222.33",
            "region": "iad",
            "shape": "VM.Standard.E2.1",
            "source_details": [
              {
                "boot_volume_size_in_gbs": "47",
                "kms_key_id": "",
                "source_id": "ocid1.image.oc1.iad.aaaaaaaay66pu7z27ltbx2uuatzgfywzixbp34wx7xoze52pk33psz47vlfa",
                "source_type": "image"
              }
            ],
            "state": "RUNNING",
            "subnet_id": "ocid1.subnet.oc1.iad.aaaaaaaauz3ng73h6wjaep5xelmhcgbfvghqh437da6nvaqhoa4i6ein45xq",
            "time_created": "2019-06-24 13:19:30.494 +0000 UTC",
            "time_maintenance_reboot_due": "",
            "timeouts": {
              "create": null,
              "delete": null,
              "update": null
            }
          },
          "private": "eyJlMmJmYjczMC1lY2FhLTExZTYtOGY4OC0zNDM2M2JjN2M0YzAiOnsiY3JlYXRlIjozNjAwMDAwMDAwMDAwLCJkZWxldGUiOjcyMDAwMDAwMDAwMDAsInVwZGF0ZSI6NzIwMDAwMDAwMDAwMH19",
          "depends_on": [
            "data.oci_core_images.bastion_images"
          ]
        }
      ]
    },
    {
      "module": "module.network",
      "mode": "managed",
      "type": "oci_core_internet_gateway",
      "name": "nw_ig",
      "provider": "provider.oci",
      "instances": [
        {
          "schema_version": 0,
          "attributes": {
            "compartment_id": "ocid1.compartment.oc1..aaaaaaaawj24ubvbtc7hbx7d3wkewxwxgmmhzcj337vfnqvvlxgxfbjvyzca",
            "defined_tags": {},
            "display_name": "NW_InternetGateway_Dev_OCC",
            "enabled": true,
            "freeform_tags": {},
            "id": "ocid1.internetgateway.oc1.iad.aaaaaaaaolrkqlzvyuustiietxq6pui6tzz5rxayjvvrnas3czinxo2aw7sa",
            "state": "AVAILABLE",
            "time_created": "2019-06-24 13:19:18.049 +0000 UTC",
            "timeouts": {
              "create": null,
              "delete": null,
              "update": null
            },
            "vcn_id": "ocid1.vcn.oc1.iad.aaaaaaaabjusnt7d44b3n2iosv3jpaklnjapml6vk5uvsrxwfyteqqgpf7ga"
          },
          "private": "eyJlMmJmYjczMC1lY2FhLTExZTYtOGY4OC0zNDM2M2JjN2M0YzAiOnsiY3JlYXRlIjo5MDAwMDAwMDAwMDAsImRlbGV0ZSI6OTAwMDAwMDAwMDAwLCJ1cGRhdGUiOjkwMDAwMDAwMDAwMH19",
          "depends_on": [
            "oci_core_vcn.nw_vcn"
          ]
        }
      ]
    },
    {
      "module": "module.network",
      "mode": "managed",
      "type": "oci_core_nat_gateway",
      "name": "nw_ng",
      "provider": "provider.oci",
      "instances": [
        {
          "schema_version": 0,
          "attributes": {
            "block_traffic": false,
            "compartment_id": "ocid1.compartment.oc1..aaaaaaaawj24ubvbtc7hbx7d3wkewxwxgmmhzcj337vfnqvvlxgxfbjvyzca",
            "defined_tags": {},
            "display_name": "NW_NATGateway_Dev_OCC",
            "freeform_tags": {},
            "id": "ocid1.natgateway.oc1.iad.aaaaaaaalwnzgknkyohegtgkwszahbjuxpwhzompmrrfcbhtxtnl6puowoua",
            "nat_ip": "129.213.173.135",
            "state": "AVAILABLE",
            "time_created": "2019-06-24 13:19:18.832 +0000 UTC",
            "timeouts": {
              "create": null,
              "delete": null,
              "update": null
            },
            "vcn_id": "ocid1.vcn.oc1.iad.aaaaaaaabjusnt7d44b3n2iosv3jpaklnjapml6vk5uvsrxwfyteqqgpf7ga"
          },
          "private": "eyJlMmJmYjczMC1lY2FhLTExZTYtOGY4OC0zNDM2M2JjN2M0YzAiOnsiY3JlYXRlIjo5MDAwMDAwMDAwMDAsImRlbGV0ZSI6OTAwMDAwMDAwMDAwLCJ1cGRhdGUiOjkwMDAwMDAwMDAwMH19",
          "depends_on": [
            "oci_core_vcn.nw_vcn"
          ]
        }
      ]
    },
    {
      "module": "module.network",
      "mode": "managed",
      "type": "oci_core_route_table",
      "name": "nw_rt_private",
      "provider": "provider.oci",
      "instances": [
        {
          "schema_version": 0,
          "attributes": {
            "compartment_id": "ocid1.compartment.oc1..aaaaaaaawj24ubvbtc7hbx7d3wkewxwxgmmhzcj337vfnqvvlxgxfbjvyzca",
            "defined_tags": {},
            "display_name": "NW_Private_RouteTable_Dev_OCC",
            "freeform_tags": {},
            "id": "ocid1.routetable.oc1.iad.aaaaaaaaxrda3wb6eyw4hxtu46ucni6q7bscj3ij7qhc6t6qd5d2nqtrnp2a",
            "route_rules": [
              {
                "cidr_block": "",
                "destination": "0.0.0.0/0",
                "destination_type": "CIDR_BLOCK",
                "network_entity_id": "ocid1.natgateway.oc1.iad.aaaaaaaalwnzgknkyohegtgkwszahbjuxpwhzompmrrfcbhtxtnl6puowoua"
              },
              {
                "cidr_block": "",
                "destination": "all-iad-services-in-oracle-services-network",
                "destination_type": "SERVICE_CIDR_BLOCK",
                "network_entity_id": "ocid1.servicegateway.oc1.iad.aaaaaaaaijsglkrybxefhk3glx75jlns464orergwldjb2wuzho7mzds4cwq"
              }
            ],
            "state": "AVAILABLE",
            "time_created": "2019-06-24 13:19:23.507 +0000 UTC",
            "timeouts": {
              "create": null,
              "delete": null,
              "update": null
            },
            "vcn_id": "ocid1.vcn.oc1.iad.aaaaaaaabjusnt7d44b3n2iosv3jpaklnjapml6vk5uvsrxwfyteqqgpf7ga"
          },
          "private": "eyJlMmJmYjczMC1lY2FhLTExZTYtOGY4OC0zNDM2M2JjN2M0YzAiOnsiY3JlYXRlIjo5MDAwMDAwMDAwMDAsImRlbGV0ZSI6OTAwMDAwMDAwMDAwLCJ1cGRhdGUiOjkwMDAwMDAwMDAwMH19",
          "depends_on": [
            "oci_core_nat_gateway.nw_ng",
            "oci_core_service_gateway.nw_sg",
            "oci_core_vcn.nw_vcn"
          ]
        }
      ]
    },
    {
      "module": "module.network",
      "mode": "managed",
      "type": "oci_core_security_list",
      "name": "nw_sl_admin",
      "provider": "provider.oci",
      "instances": [
        {
          "schema_version": 0,
          "attributes": {
            "compartment_id": "ocid1.compartment.oc1..aaaaaaaawj24ubvbtc7hbx7d3wkewxwxgmmhzcj337vfnqvvlxgxfbjvyzca",
            "defined_tags": {},
            "display_name": "NW_SecurityList_admin_Dev_OCC",
            "egress_security_rules": [
              {
                "destination": "0.0.0.0/0",
                "destination_type": "CIDR_BLOCK",
                "icmp_options": [],
                "protocol": "6",
                "stateless": false,
                "tcp_options": [
                  {
                    "max": 80,
                    "min": 80,
                    "source_port_range": []
                  }
                ],
                "udp_options": []
              },
              {
                "destination": "10.249.96.0/25",
                "destination_type": "CIDR_BLOCK",
                "icmp_options": [],
                "protocol": "6",
                "stateless": false,
                "tcp_options": [
                  {
                    "max": 22,
                    "min": 22,
                    "source_port_range": []
                  }
                ],
                "udp_options": []
              }
            ],
            "freeform_tags": {},
            "id": "ocid1.securitylist.oc1.iad.aaaaaaaa2lgz2txbosm44epxguuoibrpopndsddsg77x4yd3c4tdkqshznsq",
            "ingress_security_rules": [
              {
                "icmp_options": [
                  {
                    "code": -1,
                    "type": 3
                  }
                ],
                "protocol": "1",
                "source": "10.249.96.0/25",
                "source_type": "CIDR_BLOCK",
                "stateless": false,
                "tcp_options": [],
                "udp_options": []
              },
              {
                "icmp_options": [
                  {
                    "code": 4,
                    "type": 3
                  }
                ],
                "protocol": "1",
                "source": "0.0.0.0/0",
                "source_type": "CIDR_BLOCK",
                "stateless": false,
                "tcp_options": [],
                "udp_options": []
              },
              {
                "icmp_options": [],
                "protocol": "6",
                "source": "0.0.0.0/0",
                "source_type": "CIDR_BLOCK",
                "stateless": false,
                "tcp_options": [
                  {
                    "max": 22,
                    "min": 22,
                    "source_port_range": []
                  }
                ],
                "udp_options": []
              },
              {
                "icmp_options": [],
                "protocol": "6",
                "source": "10.249.96.0/25",
                "source_type": "CIDR_BLOCK",
                "stateless": false,
                "tcp_options": [
                  {
                    "max": 443,
                    "min": 443,
                    "source_port_range": []
                  }
                ],
                "udp_options": []
              },
              {
                "icmp_options": [],
                "protocol": "6",
                "source": "10.249.96.0/25",
                "source_type": "CIDR_BLOCK",
                "stateless": false,
                "tcp_options": [
                  {
                    "max": 80,
                    "min": 80,
                    "source_port_range": []
                  }
                ],
                "udp_options": []
              }
            ],
            "state": "AVAILABLE",
            "time_created": "2019-06-24 13:19:19.578 +0000 UTC",
            "timeouts": {
              "create": null,
              "delete": null,
              "update": null
            },
            "vcn_id": "ocid1.vcn.oc1.iad.aaaaaaaabjusnt7d44b3n2iosv3jpaklnjapml6vk5uvsrxwfyteqqgpf7ga"
          },
          "private": "eyJlMmJmYjczMC1lY2FhLTExZTYtOGY4OC0zNDM2M2JjN2M0YzAiOnsiY3JlYXRlIjo5MDAwMDAwMDAwMDAsImRlbGV0ZSI6OTAwMDAwMDAwMDAwLCJ1cGRhdGUiOjkwMDAwMDAwMDAwMH19",
          "depends_on": [
            "oci_core_vcn.nw_vcn"
          ]
        }
      ]
    },
    {
      "module": "module.network",
      "mode": "managed",
      "type": "oci_core_security_list",
      "name": "nw_sl_app",
      "provider": "provider.oci",
      "instances": [
        {
          "schema_version": 0,
          "attributes": {
            "compartment_id": "ocid1.compartment.oc1..aaaaaaaawj24ubvbtc7hbx7d3wkewxwxgmmhzcj337vfnqvvlxgxfbjvyzca",
            "defined_tags": {},
            "display_name": "NW_SecurityList_app_Dev_OCC",
            "egress_security_rules": [
              {
                "destination": "0.0.0.0/0",
                "destination_type": "CIDR_BLOCK",
                "icmp_options": [],
                "protocol": "6",
                "stateless": false,
                "tcp_options": [
                  {
                    "max": 80,
                    "min": 80,
                    "source_port_range": []
                  }
                ],
                "udp_options": []
              },
              {
                "destination": "0.0.0.0/0",
                "destination_type": "CIDR_BLOCK",
                "icmp_options": [],
                "protocol": "6",
                "stateless": false,
                "tcp_options": [],
                "udp_options": []
              },
              {
                "destination": "10.249.96.0/27",
                "destination_type": "CIDR_BLOCK",
                "icmp_options": [],
                "protocol": "6",
                "stateless": false,
                "tcp_options": [
                  {
                    "max": 1521,
                    "min": 1521,
                    "source_port_range": []
                  }
                ],
                "udp_options": []
              },
              {
                "destination": "all-iad-services-in-oracle-services-network",
                "destination_type": "SERVICE_CIDR_BLOCK",
                "icmp_options": [],
                "protocol": "6",
                "stateless": false,
                "tcp_options": [
                  {
                    "max": 443,
                    "min": 443,
                    "source_port_range": []
                  }
                ],
                "udp_options": []
              }
            ],
            "freeform_tags": {},
            "id": "ocid1.securitylist.oc1.iad.aaaaaaaak37r2pj4wan4bb66b77fwxlug5ooudpufa3j4qgj3hyxsgvjk43a",
            "ingress_security_rules": [
              {
                "icmp_options": [],
                "protocol": "1",
                "source": "10.249.96.0/25",
                "source_type": "CIDR_BLOCK",
                "stateless": false,
                "tcp_options": [],
                "udp_options": []
              },
              {
                "icmp_options": [],
                "protocol": "6",
                "source": "0.0.0.0/0",
                "source_type": "CIDR_BLOCK",
                "stateless": false,
                "tcp_options": [
                  {
                    "max": 22,
                    "min": 22,
                    "source_port_range": []
                  }
                ],
                "udp_options": []
              },
              {
                "icmp_options": [],
                "protocol": "6",
                "source": "0.0.0.0/0",
                "source_type": "CIDR_BLOCK",
                "stateless": false,
                "tcp_options": [
                  {
                    "max": 443,
                    "min": 443,
                    "source_port_range": []
                  }
                ],
                "udp_options": []
              },
              {
                "icmp_options": [],
                "protocol": "6",
                "source": "0.0.0.0/0",
                "source_type": "CIDR_BLOCK",
                "stateless": false,
                "tcp_options": [
                  {
                    "max": 7002,
                    "min": 7002,
                    "source_port_range": []
                  }
                ],
                "udp_options": []
              },
              {
                "icmp_options": [],
                "protocol": "6",
                "source": "0.0.0.0/0",
                "source_type": "CIDR_BLOCK",
                "stateless": false,
                "tcp_options": [
                  {
                    "max": 8001,
                    "min": 8001,
                    "source_port_range": []
                  }
                ],
                "udp_options": []
              }
            ],
            "state": "AVAILABLE",
            "time_created": "2019-06-24 13:19:18.718 +0000 UTC",
            "timeouts": {
              "create": null,
              "delete": null,
              "update": null
            },
            "vcn_id": "ocid1.vcn.oc1.iad.aaaaaaaabjusnt7d44b3n2iosv3jpaklnjapml6vk5uvsrxwfyteqqgpf7ga"
          },
          "private": "eyJlMmJmYjczMC1lY2FhLTExZTYtOGY4OC0zNDM2M2JjN2M0YzAiOnsiY3JlYXRlIjo5MDAwMDAwMDAwMDAsImRlbGV0ZSI6OTAwMDAwMDAwMDAwLCJ1cGRhdGUiOjkwMDAwMDAwMDAwMH19",
          "depends_on": [
            "oci_core_vcn.nw_vcn"
          ]
        }
      ]
    },
    {
      "module": "module.network",
      "mode": "managed",
      "type": "oci_core_security_list",
      "name": "nw_sl_data",
      "provider": "provider.oci",
      "instances": [
        {
          "schema_version": 0,
          "attributes": {
            "compartment_id": "ocid1.compartment.oc1..aaaaaaaawj24ubvbtc7hbx7d3wkewxwxgmmhzcj337vfnqvvlxgxfbjvyzca",
            "defined_tags": {},
            "display_name": "NW_SecurityList_data_Dev_OCC",
            "egress_security_rules": [
              {
                "destination": "0.0.0.0/0",
                "destination_type": "CIDR_BLOCK",
                "icmp_options": [],
                "protocol": "6",
                "stateless": false,
                "tcp_options": [
                  {
                    "max": 80,
                    "min": 80,
                    "source_port_range": []
                  }
                ],
                "udp_options": []
              },
              {
                "destination": "all-iad-services-in-oracle-services-network",
                "destination_type": "SERVICE_CIDR_BLOCK",
                "icmp_options": [],
                "protocol": "6",
                "stateless": false,
                "tcp_options": [
                  {
                    "max": 443,
                    "min": 443,
                    "source_port_range": []
                  }
                ],
                "udp_options": []
              }
            ],
            "freeform_tags": {},
            "id": "ocid1.securitylist.oc1.iad.aaaaaaaazjoqzfvgsaqs3gnzaoyi4vjz5rmvktollmbpuid3goigpq53hdja",
            "ingress_security_rules": [
              {
                "icmp_options": [],
                "protocol": "1",
                "source": "10.249.96.0/25",
                "source_type": "CIDR_BLOCK",
                "stateless": false,
                "tcp_options": [],
                "udp_options": []
              },
              {
                "icmp_options": [],
                "protocol": "6",
                "source": "10.249.96.32/27",
                "source_type": "CIDR_BLOCK",
                "stateless": false,
                "tcp_options": [
                  {
                    "max": 1521,
                    "min": 1521,
                    "source_port_range": []
                  }
                ],
                "udp_options": []
              },
              {
                "icmp_options": [],
                "protocol": "6",
                "source": "10.249.96.96/27",
                "source_type": "CIDR_BLOCK",
                "stateless": false,
                "tcp_options": [
                  {
                    "max": 22,
                    "min": 22,
                    "source_port_range": []
                  }
                ],
                "udp_options": []
              }
            ],
            "state": "AVAILABLE",
            "time_created": "2019-06-24 13:19:24.558 +0000 UTC",
            "timeouts": {
              "create": null,
              "delete": null,
              "update": null
            },
            "vcn_id": "ocid1.vcn.oc1.iad.aaaaaaaabjusnt7d44b3n2iosv3jpaklnjapml6vk5uvsrxwfyteqqgpf7ga"
          },
          "private": "eyJlMmJmYjczMC1lY2FhLTExZTYtOGY4OC0zNDM2M2JjN2M0YzAiOnsiY3JlYXRlIjo5MDAwMDAwMDAwMDAsImRlbGV0ZSI6OTAwMDAwMDAwMDAwLCJ1cGRhdGUiOjkwMDAwMDAwMDAwMH19",
          "depends_on": [
            "oci_core_vcn.nw_vcn"
          ]
        }
      ]
    },
    {
      "module": "module.network",
      "mode": "managed",
      "type": "oci_core_security_list",
      "name": "nw_sl_lbaas",
      "provider": "provider.oci",
      "instances": [
        {
          "schema_version": 0,
          "attributes": {
            "compartment_id": "ocid1.compartment.oc1..aaaaaaaawj24ubvbtc7hbx7d3wkewxwxgmmhzcj337vfnqvvlxgxfbjvyzca",
            "defined_tags": {},
            "display_name": "NW_SecurityList_lbaas_Dev_OCC",
            "egress_security_rules": [
              {
                "destination": "10.249.96.32/27",
                "destination_type": "CIDR_BLOCK",
                "icmp_options": [],
                "protocol": "6",
                "stateless": false,
                "tcp_options": [
                  {
                    "max": 443,
                    "min": 443,
                    "source_port_range": []
                  }
                ],
                "udp_options": []
              },
              {
                "destination": "10.249.96.32/27",
                "destination_type": "CIDR_BLOCK",
                "icmp_options": [],
                "protocol": "6",
                "stateless": false,
                "tcp_options": [
                  {
                    "max": 7002,
                    "min": 7002,
                    "source_port_range": []
                  }
                ],
                "udp_options": []
              },
              {
                "destination": "10.249.96.32/27",
                "destination_type": "CIDR_BLOCK",
                "icmp_options": [],
                "protocol": "6",
                "stateless": false,
                "tcp_options": [
                  {
                    "max": 8001,
                    "min": 8001,
                    "source_port_range": []
                  }
                ],
                "udp_options": []
              },
              {
                "destination": "10.249.96.32/27",
                "destination_type": "CIDR_BLOCK",
                "icmp_options": [],
                "protocol": "6",
                "stateless": false,
                "tcp_options": [
                  {
                    "max": 80,
                    "min": 80,
                    "source_port_range": []
                  }
                ],
                "udp_options": []
              }
            ],
            "freeform_tags": {},
            "id": "ocid1.securitylist.oc1.iad.aaaaaaaaw2e4lufiya5xynb5tr6nnlhnxphdsj3fvhgtzy3nsemfvsejqb7a",
            "ingress_security_rules": [
              {
                "icmp_options": [],
                "protocol": "6",
                "source": "0.0.0.0/0",
                "source_type": "CIDR_BLOCK",
                "stateless": false,
                "tcp_options": [
                  {
                    "max": 443,
                    "min": 443,
                    "source_port_range": []
                  }
                ],
                "udp_options": []
              },
              {
                "icmp_options": [],
                "protocol": "6",
                "source": "0.0.0.0/0",
                "source_type": "CIDR_BLOCK",
                "stateless": false,
                "tcp_options": [
                  {
                    "max": 7002,
                    "min": 7002,
                    "source_port_range": []
                  }
                ],
                "udp_options": []
              },
              {
                "icmp_options": [],
                "protocol": "6",
                "source": "0.0.0.0/0",
                "source_type": "CIDR_BLOCK",
                "stateless": false,
                "tcp_options": [
                  {
                    "max": 8001,
                    "min": 8001,
                    "source_port_range": []
                  }
                ],
                "udp_options": []
              },
              {
                "icmp_options": [],
                "protocol": "6",
                "source": "0.0.0.0/0",
                "source_type": "CIDR_BLOCK",
                "stateless": false,
                "tcp_options": [
                  {
                    "max": 80,
                    "min": 80,
                    "source_port_range": []
                  }
                ],
                "udp_options": []
              },
              {
                "icmp_options": [],
                "protocol": "6",
                "source": "10.249.96.32/27",
                "source_type": "CIDR_BLOCK",
                "stateless": false,
                "tcp_options": [],
                "udp_options": []
              }
            ],
            "state": "AVAILABLE",
            "time_created": "2019-06-24 13:19:18.738 +0000 UTC",
            "timeouts": {
              "create": null,
              "delete": null,
              "update": null
            },
            "vcn_id": "ocid1.vcn.oc1.iad.aaaaaaaabjusnt7d44b3n2iosv3jpaklnjapml6vk5uvsrxwfyteqqgpf7ga"
          },
          "private": "eyJlMmJmYjczMC1lY2FhLTExZTYtOGY4OC0zNDM2M2JjN2M0YzAiOnsiY3JlYXRlIjo5MDAwMDAwMDAwMDAsImRlbGV0ZSI6OTAwMDAwMDAwMDAwLCJ1cGRhdGUiOjkwMDAwMDAwMDAwMH19",
          "depends_on": [
            "oci_core_vcn.nw_vcn"
          ]
        }
      ]
    },
    {
      "module": "module.network",
      "mode": "managed",
      "type": "oci_core_service_gateway",
      "name": "nw_sg",
      "provider": "provider.oci",
      "instances": [
        {
          "schema_version": 0,
          "attributes": {
            "block_traffic": false,
            "compartment_id": "ocid1.compartment.oc1..aaaaaaaawj24ubvbtc7hbx7d3wkewxwxgmmhzcj337vfnqvvlxgxfbjvyzca",
            "defined_tags": {},
            "display_name": "NW_ServiceGateway_Dev_OCC",
            "freeform_tags": {},
            "id": "ocid1.servicegateway.oc1.iad.aaaaaaaaijsglkrybxefhk3glx75jlns464orergwldjb2wuzho7mzds4cwq",
            "route_table_id": null,
            "services": [
              {
                "service_id": "ocid1.service.oc1.iad.aaaaaaaam4zfmy2rjue6fmglumm3czgisxzrnvrwqeodtztg7hwa272mlfna",
                "service_name": "All IAD Services In Oracle Services Network"
              }
            ],
            "state": "AVAILABLE",
            "time_created": "2019-06-24 13:19:18.915 +0000 UTC",
            "timeouts": {
              "create": null,
              "delete": null,
              "update": null
            },
            "vcn_id": "ocid1.vcn.oc1.iad.aaaaaaaabjusnt7d44b3n2iosv3jpaklnjapml6vk5uvsrxwfyteqqgpf7ga"
          },
          "private": "eyJlMmJmYjczMC1lY2FhLTExZTYtOGY4OC0zNDM2M2JjN2M0YzAiOnsiY3JlYXRlIjo5MDAwMDAwMDAwMDAsImRlbGV0ZSI6OTAwMDAwMDAwMDAwLCJ1cGRhdGUiOjkwMDAwMDAwMDAwMH19",
          "depends_on": [
            "oci_core_vcn.nw_vcn"
          ]
        }
      ]
    },
    {
      "module": "module.network",
      "mode": "managed",
      "type": "oci_core_subnet",
      "name": "nw_sn_admin",
      "provider": "provider.oci",
      "instances": [
        {
          "schema_version": 0,
          "attributes": {
            "availability_domain": null,
            "cidr_block": "10.249.96.96/27",
            "compartment_id": "ocid1.compartment.oc1..aaaaaaaawj24ubvbtc7hbx7d3wkewxwxgmmhzcj337vfnqvvlxgxfbjvyzca",
            "defined_tags": {},
            "dhcp_options_id": "ocid1.dhcpoptions.oc1.iad.aaaaaaaao3z667oj3o7q4hhug4okkqgde6qgtiqj42yqaq6f7p7mcsrw6rgq",
            "display_name": "NW_Subnet_Admin_Dev_OCC",
            "dns_label": "admin",
            "freeform_tags": {},
            "id": "ocid1.subnet.oc1.iad.aaaaaaaauz3ng73h6wjaep5xelmhcgbfvghqh437da6nvaqhoa4i6ein45xq",
            "prohibit_public_ip_on_vnic": false,
            "route_table_id": "ocid1.routetable.oc1.iad.aaaaaaaac42mnmlfcllksvjobonahospzgiw5d7feyodffuogl6xgrtp2sha",
            "security_list_ids": [
              "ocid1.securitylist.oc1.iad.aaaaaaaa2lgz2txbosm44epxguuoibrpopndsddsg77x4yd3c4tdkqshznsq"
            ],
            "state": "AVAILABLE",
            "subnet_domain_name": "admin.dev.oraclevcn.com",
            "time_created": "2019-06-24 13:19:27.798 +0000 UTC",
            "timeouts": {
              "create": null,
              "delete": null,
              "update": null
            },
            "vcn_id": "ocid1.vcn.oc1.iad.aaaaaaaabjusnt7d44b3n2iosv3jpaklnjapml6vk5uvsrxwfyteqqgpf7ga",
            "virtual_router_ip": "10.249.96.97",
            "virtual_router_mac": "00:00:17:92:A2:8A"
          },
          "private": "eyJlMmJmYjczMC1lY2FhLTExZTYtOGY4OC0zNDM2M2JjN2M0YzAiOnsiY3JlYXRlIjo5MDAwMDAwMDAwMDAsImRlbGV0ZSI6OTAwMDAwMDAwMDAwLCJ1cGRhdGUiOjkwMDAwMDAwMDAwMH19",
          "depends_on": [
            "oci_core_route_table.nw_rt_private",
            "oci_core_security_list.nw_sl_admin",
            "oci_core_vcn.nw_vcn"
          ]
        }
      ]
    },
    {
      "module": "module.network",
      "mode": "managed",
      "type": "oci_core_subnet",
      "name": "nw_sn_app",
      "provider": "provider.oci",
      "instances": [
        {
          "schema_version": 0,
          "attributes": {
            "availability_domain": null,
            "cidr_block": "10.249.96.32/27",
            "compartment_id": "ocid1.compartment.oc1..aaaaaaaawj24ubvbtc7hbx7d3wkewxwxgmmhzcj337vfnqvvlxgxfbjvyzca",
            "defined_tags": {},
            "dhcp_options_id": "ocid1.dhcpoptions.oc1.iad.aaaaaaaao3z667oj3o7q4hhug4okkqgde6qgtiqj42yqaq6f7p7mcsrw6rgq",
            "display_name": "NW_Subnet_App_Dev_OCC",
            "dns_label": "app",
            "freeform_tags": {},
            "id": "ocid1.subnet.oc1.iad.aaaaaaaaj4s3r66mipe65mrw65dfwygdzpkf4tkeguhj657ajdkl34drnqja",
            "prohibit_public_ip_on_vnic": false,
            "route_table_id": "ocid1.routetable.oc1.iad.aaaaaaaac42mnmlfcllksvjobonahospzgiw5d7feyodffuogl6xgrtp2sha",
            "security_list_ids": [
              "ocid1.securitylist.oc1.iad.aaaaaaaak37r2pj4wan4bb66b77fwxlug5ooudpufa3j4qgj3hyxsgvjk43a"
            ],
            "state": "AVAILABLE",
            "subnet_domain_name": "app.dev.oraclevcn.com",
            "time_created": "2019-06-24 13:19:26.481 +0000 UTC",
            "timeouts": {
              "create": null,
              "delete": null,
              "update": null
            },
            "vcn_id": "ocid1.vcn.oc1.iad.aaaaaaaabjusnt7d44b3n2iosv3jpaklnjapml6vk5uvsrxwfyteqqgpf7ga",
            "virtual_router_ip": "10.249.96.33",
            "virtual_router_mac": "00:00:17:92:A2:8A"
          },
          "private": "eyJlMmJmYjczMC1lY2FhLTExZTYtOGY4OC0zNDM2M2JjN2M0YzAiOnsiY3JlYXRlIjo5MDAwMDAwMDAwMDAsImRlbGV0ZSI6OTAwMDAwMDAwMDAwLCJ1cGRhdGUiOjkwMDAwMDAwMDAwMH19",
          "depends_on": [
            "oci_core_route_table.nw_rt_private",
            "oci_core_security_list.nw_sl_app",
            "oci_core_vcn.nw_vcn"
          ]
        }
      ]
    },
    {
      "module": "module.network",
      "mode": "managed",
      "type": "oci_core_subnet",
      "name": "nw_sn_data",
      "provider": "provider.oci",
      "instances": [
        {
          "schema_version": 0,
          "attributes": {
            "availability_domain": null,
            "cidr_block": "10.249.96.0/27",
            "compartment_id": "ocid1.compartment.oc1..aaaaaaaawj24ubvbtc7hbx7d3wkewxwxgmmhzcj337vfnqvvlxgxfbjvyzca",
            "defined_tags": {},
            "dhcp_options_id": "ocid1.dhcpoptions.oc1.iad.aaaaaaaao3z667oj3o7q4hhug4okkqgde6qgtiqj42yqaq6f7p7mcsrw6rgq",
            "display_name": "NW_Subnet_Data_Dev_OCC",
            "dns_label": "data",
            "freeform_tags": {},
            "id": "ocid1.subnet.oc1.iad.aaaaaaaairem23w6ktkeoyj6fb4bj75yiywzuqkvrhh7zd5xfm7fdqxj6vjq",
            "prohibit_public_ip_on_vnic": true,
            "route_table_id": "ocid1.routetable.oc1.iad.aaaaaaaaxrda3wb6eyw4hxtu46ucni6q7bscj3ij7qhc6t6qd5d2nqtrnp2a",
            "security_list_ids": [
              "ocid1.securitylist.oc1.iad.aaaaaaaazjoqzfvgsaqs3gnzaoyi4vjz5rmvktollmbpuid3goigpq53hdja"
            ],
            "state": "AVAILABLE",
            "subnet_domain_name": "data.dev.oraclevcn.com",
            "time_created": "2019-06-24 13:19:30.242 +0000 UTC",
            "timeouts": {
              "create": null,
              "delete": null,
              "update": null
            },
            "vcn_id": "ocid1.vcn.oc1.iad.aaaaaaaabjusnt7d44b3n2iosv3jpaklnjapml6vk5uvsrxwfyteqqgpf7ga",
            "virtual_router_ip": "10.249.96.1",
            "virtual_router_mac": "00:00:17:92:A2:8A"
          },
          "private": "eyJlMmJmYjczMC1lY2FhLTExZTYtOGY4OC0zNDM2M2JjN2M0YzAiOnsiY3JlYXRlIjo5MDAwMDAwMDAwMDAsImRlbGV0ZSI6OTAwMDAwMDAwMDAwLCJ1cGRhdGUiOjkwMDAwMDAwMDAwMH19",
          "depends_on": [
            "oci_core_route_table.nw_rt_private",
            "oci_core_security_list.nw_sl_data",
            "oci_core_vcn.nw_vcn"
          ]
        }
      ]
    },
    {
      "module": "module.network",
      "mode": "managed",
      "type": "oci_core_subnet",
      "name": "nw_sn_lbaas",
      "provider": "provider.oci",
      "instances": [
        {
          "schema_version": 0,
          "attributes": {
            "availability_domain": null,
            "cidr_block": "10.249.96.64/27",
            "compartment_id": "ocid1.compartment.oc1..aaaaaaaawj24ubvbtc7hbx7d3wkewxwxgmmhzcj337vfnqvvlxgxfbjvyzca",
            "defined_tags": {},
            "dhcp_options_id": "ocid1.dhcpoptions.oc1.iad.aaaaaaaao3z667oj3o7q4hhug4okkqgde6qgtiqj42yqaq6f7p7mcsrw6rgq",
            "display_name": "NW_Subnet_LBaaS_Dev_OCC",
            "dns_label": "lbaas",
            "freeform_tags": {},
            "id": "ocid1.subnet.oc1.iad.aaaaaaaano7ll36uzfso2evo4vis3bahgtfokgr4phq4g2ohhdnvjmzes4fq",
            "prohibit_public_ip_on_vnic": false,
            "route_table_id": "ocid1.routetable.oc1.iad.aaaaaaaac42mnmlfcllksvjobonahospzgiw5d7feyodffuogl6xgrtp2sha",
            "security_list_ids": [
              "ocid1.securitylist.oc1.iad.aaaaaaaaumput2ateiwtqioxfrm7b2heaaofe5ey3a6sw2luoswbgrr4tuga",
              "ocid1.securitylist.oc1.iad.aaaaaaaaw2e4lufiya5xynb5tr6nnlhnxphdsj3fvhgtzy3nsemfvsejqb7a"
            ],
            "state": "AVAILABLE",
            "subnet_domain_name": "lbaas.dev.oraclevcn.com",
            "time_created": "2019-06-24 13:19:28.678 +0000 UTC",
            "timeouts": {
              "create": null,
              "delete": null,
              "update": null
            },
            "vcn_id": "ocid1.vcn.oc1.iad.aaaaaaaabjusnt7d44b3n2iosv3jpaklnjapml6vk5uvsrxwfyteqqgpf7ga",
            "virtual_router_ip": "10.249.96.65",
            "virtual_router_mac": "00:00:17:92:A2:8A"
          },
          "private": "eyJlMmJmYjczMC1lY2FhLTExZTYtOGY4OC0zNDM2M2JjN2M0YzAiOnsiY3JlYXRlIjo5MDAwMDAwMDAwMDAsImRlbGV0ZSI6OTAwMDAwMDAwMDAwLCJ1cGRhdGUiOjkwMDAwMDAwMDAwMH19",
          "depends_on": [
            "oci_core_route_table.nw_rt_private",
            "oci_core_security_list.nw_sl_lbaas",
            "oci_core_vcn.nw_vcn"
          ]
        }
      ]
    },
    {
      "module": "module.network",
      "mode": "managed",
      "type": "oci_core_vcn",
      "name": "nw_vcn",
      "provider": "provider.oci",
      "instances": [
        {
          "schema_version": 0,
          "attributes": {
            "cidr_block": "10.249.96.0/25",
            "compartment_id": "ocid1.compartment.oc1..aaaaaaaawj24ubvbtc7hbx7d3wkewxwxgmmhzcj337vfnqvvlxgxfbjvyzca",
            "default_dhcp_options_id": "ocid1.dhcpoptions.oc1.iad.aaaaaaaao3z667oj3o7q4hhug4okkqgde6qgtiqj42yqaq6f7p7mcsrw6rgq",
            "default_route_table_id": "ocid1.routetable.oc1.iad.aaaaaaaac42mnmlfcllksvjobonahospzgiw5d7feyodffuogl6xgrtp2sha",
            "default_security_list_id": "ocid1.securitylist.oc1.iad.aaaaaaaaumput2ateiwtqioxfrm7b2heaaofe5ey3a6sw2luoswbgrr4tuga",
            "defined_tags": {},
            "display_name": "NW_VCN_Dev_OCC",
            "dns_label": "dev",
            "freeform_tags": {},
            "id": "ocid1.vcn.oc1.iad.aaaaaaaabjusnt7d44b3n2iosv3jpaklnjapml6vk5uvsrxwfyteqqgpf7ga",
            "state": "AVAILABLE",
            "time_created": "2019-06-24 13:19:16.976 +0000 UTC",
            "timeouts": {
              "create": null,
              "delete": null,
              "update": null
            },
            "vcn_domain_name": "dev.oraclevcn.com"
          },
          "private": "eyJlMmJmYjczMC1lY2FhLTExZTYtOGY4OC0zNDM2M2JjN2M0YzAiOnsiY3JlYXRlIjo5MDAwMDAwMDAwMDAsImRlbGV0ZSI6OTAwMDAwMDAwMDAwLCJ1cGRhdGUiOjkwMDAwMDAwMDAwMH19"
        }
      ]
    },
    {
      "module": "module.database",
      "mode": "managed",
      "type": "oci_database_db_system",
      "name": "db_system_jcs",
      "provider": "provider.oci",
      "instances": [
        {
          "schema_version": 0,
          "attributes": {
            "availability_domain": "YMuM:US-ASHBURN-AD-1",
            "backup_network_nsg_ids": [],
            "backup_subnet_id": null,
            "cluster_name": "dbs-clu-occ",
            "compartment_id": "ocid1.compartment.oc1..aaaaaaaaoug3o5wwvthvf3gdnj34fiqrpvpfpr7mu3zldt73pvd2rzj6taga",
            "cpu_core_count": 4,
            "data_storage_percentage": 80,
            "data_storage_size_in_gb": 256,
            "database_edition": "ENTERPRISE_EDITION_EXTREME_PERFORMANCE",
            "db_home": [
              {
                "database": [
                  {
                    "admin_password": "B-6a#Zsum_L2k9#KJ7-#2",
                    "backup_id": "",
                    "backup_tde_password": "",
                    "character_set": "AL32UTF8",
                    "connection_strings": [
                      {
                        "all_connection_strings": {
                          "cdbDefault": "dbs-node-occ.data.dev.oraclevcn.com:1521/DBJCS_iad19c.data.dev.oraclevcn.com",
                          "cdbIpDefault": "(DESCRIPTION=(CONNECT_TIMEOUT=5)(TRANSPORT_CONNECT_TIMEOUT=3)(RETRY_COUNT=3)(ADDRESS_LIST=(LOAD_BALANCE=on)(ADDRESS=(PROTOCOL=TCP)(HOST=10.249.96.2)(PORT=1521)))(CONNECT_DATA=(SERVICE_NAME=DBJCS_iad19c.data.dev.oraclevcn.com)))"
                        },
                        "cdb_default": "dbs-node-occ.data.dev.oraclevcn.com:1521/DBJCS_iad19c.data.dev.oraclevcn.com",
                        "cdb_ip_default": "(DESCRIPTION=(CONNECT_TIMEOUT=5)(TRANSPORT_CONNECT_TIMEOUT=3)(RETRY_COUNT=3)(ADDRESS_LIST=(LOAD_BALANCE=on)(ADDRESS=(PROTOCOL=TCP)(HOST=10.249.96.2)(PORT=1521)))(CONNECT_DATA=(SERVICE_NAME=DBJCS_iad19c.data.dev.oraclevcn.com)))"
                      }
                    ],
                    "db_backup_config": [
                      {
                        "auto_backup_enabled": true,
                        "recovery_window_in_days": 60
                      }
                    ],
                    "db_name": "DBJCS",
                    "db_unique_name": "DBJCS_iad19c",
                    "db_workload": "OLTP",
                    "defined_tags": {},
                    "freeform_tags": {},
                    "id": "ocid1.database.oc1.iad.abuwcljrlgybg3rgmnz74qynblykmvesxkj6hmph7sknysrkreicjtuqib3q",
                    "lifecycle_details": "",
                    "ncharacter_set": "AL16UTF16",
                    "pdb_name": "PDBJCS",
                    "state": "AVAILABLE",
                    "time_created": "2019-06-24 13:19:32.93 +0000 UTC"
                  }
                ],
                "db_version": "12.2.0.1.190416",
                "display_name": "DB_Home_JCS_Dev_OCC",
                "id": "ocid1.dbhome.oc1.iad.abuwcljrboaywx5hehmnxp4q6ib3ihkljxkwbbxgpxg56rky7nemeue4ywiq",
                "last_patch_history_entry_id": "",
                "state": "AVAILABLE",
                "time_created": "2019-06-24 13:19:32.929 +0000 UTC"
              }
            ],
            "defined_tags": {},
            "disk_redundancy": "NORMAL",
            "display_name": "DB_System_JCS_Dev_OCC",
            "domain": "data.dev.oraclevcn.com",
            "fault_domains": [
              "FAULT-DOMAIN-1"
            ],
            "freeform_tags": {},
            "hostname": "dbs-node-occ",
            "id": "ocid1.dbsystem.oc1.iad.abuwcljrhmcqdsgfqyd54c4k7xch6t7xns45mwwjrkpwd3d46s3ziywcxcsq",
            "iorm_config_cache": [],
            "last_patch_history_entry_id": null,
            "license_model": "BRING_YOUR_OWN_LICENSE",
            "lifecycle_details": null,
            "listener_port": 1521,
            "node_count": 1,
            "nsg_ids": [],
            "reco_storage_size_in_gb": 256,
            "scan_dns_record_id": "ocid1.vcndnsrecord.oc1.iad.abuwcljrb2rybbm5624txy7kwuz2g6ov6t4zsw6zsk7j5auycntcszv4tyuq",
            "scan_ip_ids": [],
            "shape": "VM.Standard2.4",
            "source": "NONE",
            "sparse_diskgroup": null,
            "ssh_public_keys": [
              "ssh-rsa AAAAB3NzaC1yc2EAAAADAQABAAABAQDIh2CcwY6N7ExpLO6zF0cp67F1H0ZAgYXJ/2lIDf7AF7fBsADNesekxkaQm2P1bPzCYXHZOqRp2JNORGvv/7LVyiGSyil8i2BEe2X4SR2C7BSUbrCzuWN1eQSg5UT5QhhhX8apuF7MToh75GSzlLwanEfurmf2DANyJV/SeOmC7auSCfn1u5v0y1pxiNG5gVU7ytII7JM68MhbRLhzikXZRXf8K4SCzRrflsSXUYCthpA0CX/3d3+WyGzCm3AUg4Ad6n9BGEoAVVCjWZm9E3rMmfQw9UysJmRMO1t6D22SWmeb2TuzBGHjAziB3b0x06tJTUrAiM2Gbc4kxFEYMUa7 kevin.josue.zambrano@oracle.com Oracle Default Key"
            ],
            "state": "AVAILABLE",
            "subnet_id": "ocid1.subnet.oc1.iad.aaaaaaaairem23w6ktkeoyj6fb4bj75yiywzuqkvrhh7zd5xfm7fdqxj6vjq",
            "time_created": "2019-06-24 13:19:32.928 +0000 UTC",
            "time_zone": "UTC",
            "timeouts": {
              "create": null,
              "delete": null,
              "update": null
            },
            "version": "18.6.0.0.190416",
            "vip_ids": []
          },
          "private": "eyJlMmJmYjczMC1lY2FhLTExZTYtOGY4OC0zNDM2M2JjN2M0YzAiOnsiY3JlYXRlIjowLCJkZWxldGUiOjcyMDAwMDAwMDAwMDAsInVwZGF0ZSI6NzIwMDAwMDAwMDAwMH19"
        }
      ]
    },
    {
      "module": "module.iam",
      "mode": "managed",
      "type": "oci_identity_auth_token",
      "name": "usr_jcs_token",
      "provider": "provider.oci",
      "instances": [
        {
          "schema_version": 0,
          "attributes": {
            "description": "Auth Token (swift auth) to access object storage service for JCS service backups",
            "id": "ocid1.credential.oc1..aaaaaaaa4rxffujwysvlbcd7qnldwdmszr2gj7maqoffu4h6exzu2bcquvwa",
            "inactive_state": null,
            "state": "ACTIVE",
            "time_created": "2019-06-24 13:19:01.436 +0000 UTC",
            "time_expires": null,
            "timeouts": {
              "create": null,
              "delete": null,
              "update": null
            },
            "token": "dWr\u003cGNj[\u003ez]5J)2)y)Zf",
            "user_id": "ocid1.user.oc1..aaaaaaaaqojzovyxvv2hoglj7cv3we2qkzf3u2gisynphcnqmotjbc72actq"
          },
          "private": "eyJlMmJmYjczMC1lY2FhLTExZTYtOGY4OC0zNDM2M2JjN2M0YzAiOnsiY3JlYXRlIjo5MDAwMDAwMDAwMDAsImRlbGV0ZSI6OTAwMDAwMDAwMDAwLCJ1cGRhdGUiOjkwMDAwMDAwMDAwMH19",
          "depends_on": [
            "oci_identity_user.usr_jcs"
          ]
        }
      ]
    },
    {
      "module": "module.iam",
      "mode": "managed",
      "type": "oci_identity_compartment",
      "name": "cpt_admin",
      "provider": "provider.oci",
      "instances": [
        {
          "schema_version": 0,
          "attributes": {
            "compartment_id": "ocid1.compartment.oc1..aaaaaaaavp4wq3kmrw3uldxrwgcbuvf6udzt4hipextnx7xmjfoye7cpv2va",
            "defined_tags": {},
            "description": "The admin compartment for OCC project in Dev environment",
            "enable_delete": false,
            "freeform_tags": {},
            "id": "ocid1.compartment.oc1..aaaaaaaa76gkpxkhgd7sxmvb2e55p775efktjb7v727nim7dmo4bdxlyenla",
            "inactive_state": null,
            "is_accessible": true,
            "name": "CPT_Dev_admin",
            "state": "ACTIVE",
            "time_created": "2019-06-24 13:19:11.561 +0000 UTC",
            "timeouts": {
              "delete": null
            }
          },
          "private": "eyJlMmJmYjczMC1lY2FhLTExZTYtOGY4OC0zNDM2M2JjN2M0YzAiOnsiZGVsZXRlIjo1NDAwMDAwMDAwMDAwfX0=",
          "depends_on": [
            "oci_identity_compartment.cpt_env"
          ]
        }
      ]
    },
    {
      "module": "module.iam",
      "mode": "managed",
      "type": "oci_identity_compartment",
      "name": "cpt_application",
      "provider": "provider.oci",
      "instances": [
        {
          "schema_version": 0,
          "attributes": {
            "compartment_id": "ocid1.compartment.oc1..aaaaaaaavp4wq3kmrw3uldxrwgcbuvf6udzt4hipextnx7xmjfoye7cpv2va",
            "defined_tags": {},
            "description": "The application compartment for OCC project in Dev environment",
            "enable_delete": false,
            "freeform_tags": {},
            "id": "ocid1.compartment.oc1..aaaaaaaaankj4k3gv2zsgi4vjivuukyoetgygtoiw5pjtsj25tqe4eb4qzfq",
            "inactive_state": null,
            "is_accessible": true,
            "name": "CPT_Dev_application",
            "state": "ACTIVE",
            "time_created": "2019-06-24 13:19:11.07 +0000 UTC",
            "timeouts": {
              "delete": null
            }
          },
          "private": "eyJlMmJmYjczMC1lY2FhLTExZTYtOGY4OC0zNDM2M2JjN2M0YzAiOnsiZGVsZXRlIjo1NDAwMDAwMDAwMDAwfX0=",
          "depends_on": [
            "oci_identity_compartment.cpt_env"
          ]
        }
      ]
    },
    {
      "module": "module.iam",
      "mode": "managed",
      "type": "oci_identity_compartment",
      "name": "cpt_database",
      "provider": "provider.oci",
      "instances": [
        {
          "schema_version": 0,
          "attributes": {
            "compartment_id": "ocid1.compartment.oc1..aaaaaaaavp4wq3kmrw3uldxrwgcbuvf6udzt4hipextnx7xmjfoye7cpv2va",
            "defined_tags": {},
            "description": "The database compartment for OCC project in Dev environment",
            "enable_delete": false,
            "freeform_tags": {},
            "id": "ocid1.compartment.oc1..aaaaaaaaoug3o5wwvthvf3gdnj34fiqrpvpfpr7mu3zldt73pvd2rzj6taga",
            "inactive_state": null,
            "is_accessible": true,
            "name": "CPT_Dev_database",
            "state": "ACTIVE",
            "time_created": "2019-06-24 13:19:11.498 +0000 UTC",
            "timeouts": {
              "delete": null
            }
          },
          "private": "eyJlMmJmYjczMC1lY2FhLTExZTYtOGY4OC0zNDM2M2JjN2M0YzAiOnsiZGVsZXRlIjo1NDAwMDAwMDAwMDAwfX0=",
          "depends_on": [
            "oci_identity_compartment.cpt_env"
          ]
        }
      ]
    },
    {
      "module": "module.iam",
      "mode": "managed",
      "type": "oci_identity_compartment",
      "name": "cpt_env",
      "provider": "provider.oci",
      "instances": [
        {
          "schema_version": 0,
          "attributes": {
            "compartment_id": "ocid1.tenancy.oc1..aaaaaaaa224siply62eyexhxgpsthxywaxe2nsyuchbb6m5gpp3pwu3subla",
            "defined_tags": {},
            "description": "The parent compartment for all Dev environment",
            "enable_delete": false,
            "freeform_tags": {},
            "id": "ocid1.compartment.oc1..aaaaaaaavp4wq3kmrw3uldxrwgcbuvf6udzt4hipextnx7xmjfoye7cpv2va",
            "inactive_state": null,
            "is_accessible": true,
            "name": "CPT_Dev",
            "state": "ACTIVE",
            "time_created": "2019-06-24 13:19:00.795 +0000 UTC",
            "timeouts": {
              "delete": null
            }
          },
          "private": "eyJlMmJmYjczMC1lY2FhLTExZTYtOGY4OC0zNDM2M2JjN2M0YzAiOnsiZGVsZXRlIjo1NDAwMDAwMDAwMDAwfX0="
        }
      ]
    },
    {
      "module": "module.iam",
      "mode": "managed",
      "type": "oci_identity_compartment",
      "name": "cpt_network",
      "provider": "provider.oci",
      "instances": [
        {
          "schema_version": 0,
          "attributes": {
            "compartment_id": "ocid1.compartment.oc1..aaaaaaaavp4wq3kmrw3uldxrwgcbuvf6udzt4hipextnx7xmjfoye7cpv2va",
            "defined_tags": {},
            "description": "The network compartment for OCC project in Dev environment",
            "enable_delete": false,
            "freeform_tags": {},
            "id": "ocid1.compartment.oc1..aaaaaaaawj24ubvbtc7hbx7d3wkewxwxgmmhzcj337vfnqvvlxgxfbjvyzca",
            "inactive_state": null,
            "is_accessible": true,
            "name": "CPT_Dev_network",
            "state": "ACTIVE",
            "time_created": "2019-06-24 13:19:11.265 +0000 UTC",
            "timeouts": {
              "delete": null
            }
          },
          "private": "eyJlMmJmYjczMC1lY2FhLTExZTYtOGY4OC0zNDM2M2JjN2M0YzAiOnsiZGVsZXRlIjo1NDAwMDAwMDAwMDAwfX0=",
          "depends_on": [
            "oci_identity_compartment.cpt_env"
          ]
        }
      ]
    },
    {
      "module": "module.iam",
      "mode": "managed",
      "type": "oci_identity_compartment",
      "name": "cpt_shared",
      "provider": "provider.oci",
      "instances": [
        {
          "schema_version": 0,
          "attributes": {
            "compartment_id": "ocid1.compartment.oc1..aaaaaaaavp4wq3kmrw3uldxrwgcbuvf6udzt4hipextnx7xmjfoye7cpv2va",
            "defined_tags": {},
            "description": "The shared services compartment for OCC project in Dev environment",
            "enable_delete": false,
            "freeform_tags": {},
            "id": "ocid1.compartment.oc1..aaaaaaaaclyssiipvo3wk7gtuiadhpbt6qfyurpsql7mvjm3xtizxstfkgza",
            "inactive_state": null,
            "is_accessible": true,
            "name": "CPT_Dev_shared",
            "state": "ACTIVE",
            "time_created": "2019-06-24 13:19:10.995 +0000 UTC",
            "timeouts": {
              "delete": null
            }
          },
          "private": "eyJlMmJmYjczMC1lY2FhLTExZTYtOGY4OC0zNDM2M2JjN2M0YzAiOnsiZGVsZXRlIjo1NDAwMDAwMDAwMDAwfX0=",
          "depends_on": [
            "oci_identity_compartment.cpt_env"
          ]
        }
      ]
    },
    {
      "module": "module.iam",
      "mode": "managed",
      "type": "oci_identity_group",
      "name": "grp_psm",
      "provider": "provider.oci",
      "instances": [
        {
          "schema_version": 0,
          "attributes": {
            "compartment_id": "ocid1.tenancy.oc1..aaaaaaaa224siply62eyexhxgpsthxywaxe2nsyuchbb6m5gpp3pwu3subla",
            "defined_tags": {},
            "description": "PSM PaaS Service Backups Group",
            "freeform_tags": {},
            "id": "ocid1.group.oc1..aaaaaaaa3st5titdlujk7xsmutx6ep5uhwy3yzuunp6q6j2qgq7p2xmivebq",
            "inactive_state": null,
            "name": "GRP_PSM_OCC_Dev",
            "state": "ACTIVE",
            "time_created": "2019-06-24 13:19:00.987 +0000 UTC",
            "timeouts": {
              "create": null,
              "delete": null,
              "update": null
            }
          },
          "private": "eyJlMmJmYjczMC1lY2FhLTExZTYtOGY4OC0zNDM2M2JjN2M0YzAiOnsiY3JlYXRlIjo5MDAwMDAwMDAwMDAsImRlbGV0ZSI6OTAwMDAwMDAwMDAwLCJ1cGRhdGUiOjkwMDAwMDAwMDAwMH19"
        }
      ]
    },
    {
      "module": "module.java",
      "mode": "managed",
      "type": "oci_identity_policy",
      "name": "psm-jcs-policy",
      "provider": "provider.oci",
      "instances": [
        {
          "schema_version": 0,
          "attributes": {
            "ETag": "4b825574e22b53f79d411729f691c6ceeb46b003",
            "compartment_id": "ocid1.compartment.oc1..aaaaaaaavp4wq3kmrw3uldxrwgcbuvf6udzt4hipextnx7xmjfoye7cpv2va",
            "defined_tags": {},
            "description": "Policy for object storage bucket access from OCC JCS instance in Dev environment",
            "freeform_tags": {},
            "id": "ocid1.policy.oc1..aaaaaaaaqeo2n5qlj675fvewyhy3vrsrx55kq6bjhjuwulbbkdobqdxbjr7a",
            "inactive_state": null,
            "lastUpdateETag": "4b825574e22b53f79d411729f691c6ceeb46b003",
            "name": "IAM_Policy_BackupRestore_JCS_Dev_OCC",
            "policyHash": "4d266a1ca3096977db669e5e97f35bf3",
            "state": "ACTIVE",
            "statements": [
              "Allow group GRP_PSM_OCC_Dev to manage objects in compartment CPT_Dev_application where target.bucket.name='ST_Bucket_BackupRestore_JCS_Dev_OCC'"
            ],
            "time_created": "2019-06-24 14:51:45.822 +0000 UTC",
            "timeouts": {
              "create": null,
              "delete": null,
              "update": null
            },
            "version_date": null
          },
          "private": "eyJlMmJmYjczMC1lY2FhLTExZTYtOGY4OC0zNDM2M2JjN2M0YzAiOnsiY3JlYXRlIjo5MDAwMDAwMDAwMDAsImRlbGV0ZSI6OTAwMDAwMDAwMDAwLCJ1cGRhdGUiOjkwMDAwMDAwMDAwMH19",
          "depends_on": [
            "oci_objectstorage_bucket.st_jcs_bucket"
          ]
        }
      ]
    },
    {
      "module": "module.iam",
      "mode": "managed",
      "type": "oci_identity_policy",
      "name": "psm_env_policy",
      "provider": "provider.oci",
      "instances": [
        {
          "schema_version": 0,
          "attributes": {
            "ETag": "22da027b638815bdf775d12769c7485baf6e794f",
            "compartment_id": "ocid1.compartment.oc1..aaaaaaaavp4wq3kmrw3uldxrwgcbuvf6udzt4hipextnx7xmjfoye7cpv2va",
            "defined_tags": {},
            "description": "PSM Policy for OCC in Dev environment",
            "freeform_tags": {},
            "id": "ocid1.policy.oc1..aaaaaaaa7q2kfnkrdqemi66qdwmkzp7hxe5sow42zwvt75qb6euq263v7zaq",
            "inactive_state": null,
            "lastUpdateETag": "22da027b638815bdf775d12769c7485baf6e794f",
            "name": "IAM_Policy_PSM_Dev_OCC",
            "policyHash": "802d365af0099ecf6d7685258c2f4c7d",
            "state": "ACTIVE",
            "statements": [
              "Allow service PSM to inspect database-family in compartment CPT_Dev",
              "Allow service PSM to inspect autonomous-database in compartment CPT_Dev",
              "Allow service PSM to inspect vcns in compartment CPT_Dev",
              "Allow service PSM to use subnets in compartment CPT_Dev",
              "Allow service PSM to use vnics in compartment CPT_Dev",
              "Allow service PSM to manage security-lists in compartment CPT_Dev"
            ],
            "time_created": "2019-06-24 13:19:11.368 +0000 UTC",
            "timeouts": {
              "create": null,
              "delete": null,
              "update": null
            },
            "version_date": null
          },
          "private": "eyJlMmJmYjczMC1lY2FhLTExZTYtOGY4OC0zNDM2M2JjN2M0YzAiOnsiY3JlYXRlIjo5MDAwMDAwMDAwMDAsImRlbGV0ZSI6OTAwMDAwMDAwMDAwLCJ1cGRhdGUiOjkwMDAwMDAwMDAwMH19",
          "depends_on": [
            "oci_identity_compartment.cpt_env"
          ]
        }
      ]
    },
    {
      "module": "module.iam",
      "mode": "managed",
      "type": "oci_identity_user",
      "name": "usr_jcs",
      "provider": "provider.oci",
      "instances": [
        {
          "schema_version": 0,
          "attributes": {
            "capabilities": [
              {
                "can_use_api_keys": true,
                "can_use_auth_tokens": true,
                "can_use_console_password": false,
                "can_use_customer_secret_keys": false,
                "can_use_smtp_credentials": false
              }
            ],
            "compartment_id": "ocid1.tenancy.oc1..aaaaaaaa224siply62eyexhxgpsthxywaxe2nsyuchbb6m5gpp3pwu3subla",
            "defined_tags": {},
            "description": "API-only user for OCC JCS instance in Dev environment",
            "email": null,
            "external_identifier": null,
            "freeform_tags": {},
            "id": "ocid1.user.oc1..aaaaaaaaqojzovyxvv2hoglj7cv3we2qkzf3u2gisynphcnqmotjbc72actq",
            "identity_provider_id": null,
            "inactive_state": null,
            "name": "USR_JCS_OCC_Dev",
            "state": "ACTIVE",
            "time_created": "2019-06-24 13:19:00.846 +0000 UTC",
            "timeouts": {
              "create": null,
              "delete": null,
              "update": null
            }
          },
          "private": "eyJlMmJmYjczMC1lY2FhLTExZTYtOGY4OC0zNDM2M2JjN2M0YzAiOnsiY3JlYXRlIjo5MDAwMDAwMDAwMDAsImRlbGV0ZSI6OTAwMDAwMDAwMDAwLCJ1cGRhdGUiOjkwMDAwMDAwMDAwMH19"
        }
      ]
    },
    {
      "module": "module.iam",
      "mode": "managed",
      "type": "oci_identity_user_capabilities_management",
      "name": "usr_jcs",
      "provider": "provider.oci",
      "instances": [
        {
          "schema_version": 0,
          "attributes": {
            "can_use_api_keys": true,
            "can_use_auth_tokens": true,
            "can_use_console_password": false,
            "can_use_customer_secret_keys": false,
            "can_use_smtp_credentials": false,
            "id": "capabilities/ocid1.user.oc1..aaaaaaaaqojzovyxvv2hoglj7cv3we2qkzf3u2gisynphcnqmotjbc72actq",
            "timeouts": {
              "create": null,
              "delete": null,
              "update": null
            },
            "user_id": "ocid1.user.oc1..aaaaaaaaqojzovyxvv2hoglj7cv3we2qkzf3u2gisynphcnqmotjbc72actq"
          },
          "private": "eyJlMmJmYjczMC1lY2FhLTExZTYtOGY4OC0zNDM2M2JjN2M0YzAiOnsiY3JlYXRlIjo5MDAwMDAwMDAwMDAsImRlbGV0ZSI6OTAwMDAwMDAwMDAwLCJ1cGRhdGUiOjkwMDAwMDAwMDAwMH19",
          "depends_on": [
            "oci_identity_user.usr_jcs"
          ]
        }
      ]
    },
    {
      "module": "module.iam",
      "mode": "managed",
      "type": "oci_identity_user_group_membership",
      "name": "grp_psm_jcs",
      "provider": "provider.oci",
      "instances": [
        {
          "schema_version": 0,
          "attributes": {
            "compartment_id": "ocid1.tenancy.oc1..aaaaaaaa224siply62eyexhxgpsthxywaxe2nsyuchbb6m5gpp3pwu3subla",
            "group_id": "ocid1.group.oc1..aaaaaaaa3st5titdlujk7xsmutx6ep5uhwy3yzuunp6q6j2qgq7p2xmivebq",
            "id": "ocid1.groupmembership.oc1..aaaaaaaaze6nfjo66h3xt6wbesjpzfsw4h4yrhuzkupf7fkplfnbiiwaezra",
            "inactive_state": null,
            "state": "ACTIVE",
            "time_created": "2019-06-24 13:19:03.647 +0000 UTC",
            "timeouts": {
              "create": null,
              "delete": null,
              "update": null
            },
            "user_id": "ocid1.user.oc1..aaaaaaaaqojzovyxvv2hoglj7cv3we2qkzf3u2gisynphcnqmotjbc72actq"
          },
          "private": "eyJlMmJmYjczMC1lY2FhLTExZTYtOGY4OC0zNDM2M2JjN2M0YzAiOnsiY3JlYXRlIjo5MDAwMDAwMDAwMDAsImRlbGV0ZSI6OTAwMDAwMDAwMDAwLCJ1cGRhdGUiOjkwMDAwMDAwMDAwMH19",
          "depends_on": [
            "oci_identity_group.grp_psm",
            "oci_identity_user.usr_jcs"
          ]
        }
      ]
    },
    {
      "module": "module.java",
      "mode": "managed",
      "type": "oci_objectstorage_bucket",
      "name": "st_jcs_bucket",
      "provider": "provider.oci",
      "instances": [
        {
          "schema_version": 0,
          "attributes": {
            "access_type": "NoPublicAccess",
            "approximate_count": "32",
            "approximate_size": "452997120",
            "compartment_id": "ocid1.compartment.oc1..aaaaaaaaankj4k3gv2zsgi4vjivuukyoetgygtoiw5pjtsj25tqe4eb4qzfq",
            "created_by": "ocid1.user.oc1..aaaaaaaamimcx2qc4thhhhcshy23zkqdmtyhpaes7hakz64lrw26jjh4vtza",
            "defined_tags": {},
            "etag": "522aaac4-e058-4160-bdc7-a70129c25182",
            "freeform_tags": {},
            "id": "n/tecocloud/b/ST_Bucket_BackupRestore_JCS_Dev_OCC",
            "kms_key_id": null,
            "metadata": {},
            "name": "ST_Bucket_BackupRestore_JCS_Dev_OCC",
            "namespace": "tecocloud",
            "object_lifecycle_policy_etag": null,
            "storage_tier": "Standard",
            "time_created": "2019-06-24 14:51:44.798 +0000 UTC",
            "timeouts": {
              "create": null,
              "delete": null,
              "update": null
            }
          },
          "private": "eyJlMmJmYjczMC1lY2FhLTExZTYtOGY4OC0zNDM2M2JjN2M0YzAiOnsiY3JlYXRlIjo5MDAwMDAwMDAwMDAsImRlbGV0ZSI6OTAwMDAwMDAwMDAwLCJ1cGRhdGUiOjkwMDAwMDAwMDAwMH19"
        }
      ]
    },
    {
      "module": "module.java",
      "mode": "managed",
      "type": "oraclepaas_java_service_instance",
      "name": "jcs_pub",
      "each": "list",
      "provider": "provider.oraclepaas",
      "instances": [
        {
          "index_key": 0,
          "schema_version": 0,
          "attributes": {
            "assign_public_ip": null,
            "availability_domain": "YMuM:US-ASHBURN-AD-1",
            "backup_destination": "BOTH",
            "backups": [
              {
                "auto_generate": false,
                "cloud_storage_container": "https://swiftobjectstorage.us-ashburn-1.oraclecloud.com/v1/tecocloud/ST_Bucket_BackupRestore_JCS_Dev_OCC",
                "cloud_storage_password": "dWr\u003cGNj[\u003ez]5J)2)y)Zf",
                "cloud_storage_username": "USR_JCS_OCC_Dev",
                "use_oauth_for_storage": false
              }
            ],
            "bring_your_own_license": true,
            "description": "Java Cloud Service (JCS) instance for Dev environment OCC project",
            "desired_state": "running",
            "edition": "SUITE",
            "enable_admin_console": true,
            "force_delete": true,
            "id": "JCSOCCDEV",
            "ip_network": null,
            "level": "PAAS",
            "load_balancer": [],
            "metering_frequency": "HOURLY",
            "name": "JCSOCCDEV",
            "notification_email": null,
            "oracle_traffic_director": [],
            "region": "us-ashburn-1",
            "service_version": "12cRelease213",
            "snapshot_name": null,
            "source_service_name": null,
            "ssh_public_key": "ssh-rsa AAAAB3NzaC1yc2EAAAADAQABAAABAQDIh2CcwY6N7ExpLO6zF0cp67F1H0ZAgYXJ/2lIDf7AF7fBsADNesekxkaQm2P1bPzCYXHZOqRp2JNORGvv/7LVyiGSyil8i2BEe2X4SR2C7BSUbrCzuWN1eQSg5UT5QhhhX8apuF7MToh75GSzlLwanEfurmf2DANyJV/SeOmC7auSCfn1u5v0y1pxiNG5gVU7ytII7JM68MhbRLhzikXZRXf8K4SCzRrflsSXUYCthpA0CX/3d3+WyGzCm3AUg4Ad6n9BGEoAVVCjWZm9E3rMmfQw9UysJmRMO1t6D22SWmeb2TuzBGHjAziB3b0x06tJTUrAiM2Gbc4kxFEYMUa7 kevin.josue.zambrano@oracle.com Oracle Default Key",
            "status": "READY",
            "subnet": "ocid1.subnet.oc1.iad.aaaaaaaaj4s3r66mipe65mrw65dfwygdzpkf4tkeguhj657ajdkl34drnqja",
            "timeouts": {
              "create": null,
              "delete": null,
              "update": null
            },
            "use_identity_service": false,
            "weblogic_server": [
              {
                "admin": [
                  {
                    "hostname": "jcsoccdev-wls-1",
                    "password": "Nk_rW5M#fwH8_xuKyi5R",
                    "port": 7001,
                    "secured_port": 7002,
                    "username": "weblogic"
                  }
                ],
                "application_database": [],
                "backup_volume_size": "",
                "cluster": [
                  {
                    "name": "JCS_Cluster_Dev_OCC",
                    "path_prefixes": [],
                    "server_count": 1,
                    "servers_per_node": 1,
                    "shape": "VM.Standard2.4",
                    "type": "APPLICATION_CLUSTER"
                  }
                ],
                "cluster_name": "",
                "connect_string": "//dbs-node-occ-scan.data.dev.oraclevcn.com:1521/PDBJCS.data.dev.oraclevcn.com",
                "database": [
                  {
                    "hostname": "",
                    "name": "",
                    "password": "B-6a#Zsum_L2k9#KJ7-#2",
                    "pdb_name": "",
                    "username": "SYS"
                  }
                ],
                "domain": [
                  {
                    "mode": null,
                    "name": null,
                    "partition_count": null,
                    "volume_size": null
                  }
                ],
                "ip_reservations": [],
                "managed_servers": [],
                "middleware_volume_size": "",
                "node_manager": [],
                "ports": [],
                "root_url": "https://132.145.196.137:7002/console",
                "shape": "VM.Standard2.4",
                "upper_stack_product_name": ""
              }
            ]
          },
          "depends_on": [
            "oci_objectstorage_bucket.st_jcs_bucket"
          ]
        }
      ]
    }
  ]
}
